{
  "lib/forge-std": {
    "tag": {
      "name": "v1.16.0",
      "rev": "8987040ede9553cea20c95ad40d0455930f9c8e0"
    }
  },
  "lib/openzeppelin-contracts": {
    "tag": {
      "name": "v5.1.0",
      "rev": "69c8def5f222ff96f2b5beff05dfba996368aa79"
    }
  },
  "lib/openzeppelin-contracts-upgradeable": {
    "tag": {
      "name": "v5.1.0",
      "rev": "6ed9d6199eca15df84c95a48642e2e7fd5e8e3c7"
    }
  }
}
